
Microsoft Visual Studio Solution File, Format Version 12.00
# Visual Studio Version 17
VisualStudioVersion = 17.11.35327.3
MinimumVisualStudioVersion = 10.0.40219.1
Project("{FAE04EC0-301F-11D3-BF4B-00C04F79EFBC}") = "Library", "Library.csproj", "{3F059EC0-C1B1-4CF7-BDD4-6DC5016E4038}"
EndProject
Global
	GlobalSection(SolutionConfigurationPlatforms) = preSolution
		Debug|Any CPU = Debug|Any CPU
		Release|Any CPU = Release|Any CPU
	EndGlobalSection
	GlobalSection(ProjectConfigurationPlatforms) = postSolution
		{3F059EC0-C1B1-4CF7-BDD4-6DC5016E4038}.Debug|Any CPU.ActiveCfg = Debug|Any CPU
		{3F059EC0-C1B1-4CF7-BDD4-6DC5016E4038}.Debug|Any CPU.Build.0 = Debug|Any CPU
		{3F059EC0-C1B1-4CF7-BDD4-6DC5016E4038}.Release|Any CPU.ActiveCfg = Release|Any CPU
		{3F059EC0-C1B1-4CF7-BDD4-6DC5016E4038}.Release|Any CPU.Build.0 = Release|Any CPU
	EndGlobalSection
	GlobalSection(SolutionProperties) = preSolution
		HideSolutionNode = FALSE
	EndGlobalSection
	GlobalSection(ExtensibilityGlobals) = postSolution
		SolutionGuid = {B5B656C6-5AE4-4C84-BCA3-74705379E3AE}
	EndGlobalSection
EndGlobal
